
Microsoft Visual Studio Solution File, Format Version 12.00
# Visual Studio Version 16
VisualStudioVersion = 16.0.31729.503
MinimumVisualStudioVersion = 10.0.40219.1
Project("{9A19103F-16F7-4668-BE54-9A1E7A4F7556}") = "Bread.ExamSystem.Project", "Bread.ExamSystem.Project\Bread.ExamSystem.Project.csproj", "{36F8F7AA-2F7E-4727-93E8-864D2CCB69B6}"
EndProject
Project("{9A19103F-16F7-4668-BE54-9A1E7A4F7556}") = "Bread.ExamSystem.Project.Model", "Bread.ExamSystem.Project.Model\Bread.ExamSystem.Project.Model.csproj", "{3AC538D9-021C-42AF-8C32-04953A2A5624}"
EndProject
Project("{9A19103F-16F7-4668-BE54-9A1E7A4F7556}") = "Bread.ExamSystem.Project.DataAccess", "Bread.ExamSystem.Project.DataAccess\Bread.ExamSystem.Project.DataAccess.csproj", "{DE62A3B6-6EDF-4C2C-B7C0-42AE785DA89A}"
EndProject
Project("{9A19103F-16F7-4668-BE54-9A1E7A4F7556}") = "Bread.ExamSystem.Project.ViewModel", "Bread.ExamSystem.Project.ViewModel\Bread.ExamSystem.Project.ViewModel.csproj", "{58C2ECA5-81ED-4E61-A7E6-8F51C0C9B4D8}"
EndProject
Project("{9A19103F-16F7-4668-BE54-9A1E7A4F7556}") = "Bread.ExamSystem.Project.Test", "Bread.ExamSystem.Project.Test\Bread.ExamSystem.Project.Test.csproj", "{3C9345D1-9BED-47B4-A371-7A2583EB8A69}"
EndProject
Global
	GlobalSection(SolutionConfigurationPlatforms) = preSolution
		Debug|Any CPU = Debug|Any CPU
		Release|Any CPU = Release|Any CPU
	EndGlobalSection
	GlobalSection(ProjectConfigurationPlatforms) = postSolution
		{36F8F7AA-2F7E-4727-93E8-864D2CCB69B6}.Debug|Any CPU.ActiveCfg = Debug|Any CPU
		{36F8F7AA-2F7E-4727-93E8-864D2CCB69B6}.Debug|Any CPU.Build.0 = Debug|Any CPU
		{36F8F7AA-2F7E-4727-93E8-864D2CCB69B6}.Release|Any CPU.ActiveCfg = Release|Any CPU
		{36F8F7AA-2F7E-4727-93E8-864D2CCB69B6}.Release|Any CPU.Build.0 = Release|Any CPU
		{3AC538D9-021C-42AF-8C32-04953A2A5624}.Debug|Any CPU.ActiveCfg = Debug|Any CPU
		{3AC538D9-021C-42AF-8C32-04953A2A5624}.Debug|Any CPU.Build.0 = Debug|Any CPU
		{3AC538D9-021C-42AF-8C32-04953A2A5624}.Release|Any CPU.ActiveCfg = Release|Any CPU
		{3AC538D9-021C-42AF-8C32-04953A2A5624}.Release|Any CPU.Build.0 = Release|Any CPU
		{DE62A3B6-6EDF-4C2C-B7C0-42AE785DA89A}.Debug|Any CPU.ActiveCfg = Debug|Any CPU
		{DE62A3B6-6EDF-4C2C-B7C0-42AE785DA89A}.Debug|Any CPU.Build.0 = Debug|Any CPU
		{DE62A3B6-6EDF-4C2C-B7C0-42AE785DA89A}.Release|Any CPU.ActiveCfg = Release|Any CPU
		{DE62A3B6-6EDF-4C2C-B7C0-42AE785DA89A}.Release|Any CPU.Build.0 = Release|Any CPU
		{58C2ECA5-81ED-4E61-A7E6-8F51C0C9B4D8}.Debug|Any CPU.ActiveCfg = Debug|Any CPU
		{58C2ECA5-81ED-4E61-A7E6-8F51C0C9B4D8}.Debug|Any CPU.Build.0 = Debug|Any CPU
		{58C2ECA5-81ED-4E61-A7E6-8F51C0C9B4D8}.Release|Any CPU.ActiveCfg = Release|Any CPU
		{58C2ECA5-81ED-4E61-A7E6-8F51C0C9B4D8}.Release|Any CPU.Build.0 = Release|Any CPU
		{3C9345D1-9BED-47B4-A371-7A2583EB8A69}.Debug|Any CPU.ActiveCfg = Debug|Any CPU
		{3C9345D1-9BED-47B4-A371-7A2583EB8A69}.Debug|Any CPU.Build.0 = Debug|Any CPU
		{3C9345D1-9BED-47B4-A371-7A2583EB8A69}.Release|Any CPU.ActiveCfg = Release|Any CPU
		{3C9345D1-9BED-47B4-A371-7A2583EB8A69}.Release|Any CPU.Build.0 = Release|Any CPU
	EndGlobalSection
	GlobalSection(SolutionProperties) = preSolution
		HideSolutionNode = FALSE
	EndGlobalSection
	GlobalSection(ExtensibilityGlobals) = postSolution
		SolutionGuid = {1F219808-E6E8-4C1D-B846-41F2F7CF20FA}
	EndGlobalSection
EndGlobal
