
Microsoft Visual Studio Solution File, Format Version 12.00
# Visual Studio 15
VisualStudioVersion = 15.0.28307.329
MinimumVisualStudioVersion = 10.0.40219.1
Project("{FAE04EC0-301F-11D3-BF4B-00C04F79EFBC}") = "Bread.ExamSystem.Project", "Bread.ExamSystem.Project\Bread.ExamSystem.Project.csproj", "{36f8f7aa-2f7e-4727-93e8-864d2ccb69b6}"
EndProject
Project("{FAE04EC0-301F-11D3-BF4B-00C04F79EFBC}") = "Bread.ExamSystem.Project.Model", "Bread.ExamSystem.Project.Model\Bread.ExamSystem.Project.Model.csproj", "{3ac538d9-021c-42af-8c32-04953a2a5624}"
EndProject
Project("{FAE04EC0-301F-11D3-BF4B-00C04F79EFBC}") = "Bread.ExamSystem.Project.DataAccess", "Bread.ExamSystem.Project.DataAccess\Bread.ExamSystem.Project.DataAccess.csproj", "{de62a3b6-6edf-4c2c-b7c0-42ae785da89a}"
EndProject
Project("{FAE04EC0-301F-11D3-BF4B-00C04F79EFBC}") = "Bread.ExamSystem.Project.ViewModel", "Bread.ExamSystem.Project.ViewModel\Bread.ExamSystem.Project.ViewModel.csproj", "{58c2eca5-81ed-4e61-a7e6-8f51c0c9b4d8}"
EndProject
Project("{FAE04EC0-301F-11D3-BF4B-00C04F79EFBC}") = "Bread.ExamSystem.Project.Test", "Bread.ExamSystem.Project.Test\Bread.ExamSystem.Project.Test.csproj", "{3c9345d1-9bed-47b4-a371-7a2583eb8a69}"
EndProject

Global
	GlobalSection(SolutionConfigurationPlatforms) = preSolution
		Debug|Any CPU = Debug|Any CPU
		Release|Any CPU = Release|Any CPU
	EndGlobalSection
	GlobalSection(ProjectConfigurationPlatforms) = postSolution
		{36f8f7aa-2f7e-4727-93e8-864d2ccb69b6}.Debug|Any CPU.ActiveCfg = Debug|Any CPU
		{36f8f7aa-2f7e-4727-93e8-864d2ccb69b6}.Debug|Any CPU.Build.0 = Debug|Any CPU
		{36f8f7aa-2f7e-4727-93e8-864d2ccb69b6}.Release|Any CPU.ActiveCfg = Release|Any CPU
		{36f8f7aa-2f7e-4727-93e8-864d2ccb69b6}.Release|Any CPU.Build.0 = Release|Any CPU
		{3ac538d9-021c-42af-8c32-04953a2a5624}.Debug|Any CPU.ActiveCfg = Debug|Any CPU
		{3ac538d9-021c-42af-8c32-04953a2a5624}.Debug|Any CPU.Build.0 = Debug|Any CPU
		{3ac538d9-021c-42af-8c32-04953a2a5624}.Release|Any CPU.ActiveCfg = Release|Any CPU
		{3ac538d9-021c-42af-8c32-04953a2a5624}.Release|Any CPU.Build.0 = Release|Any CPU
		{de62a3b6-6edf-4c2c-b7c0-42ae785da89a}.Debug|Any CPU.ActiveCfg = Debug|Any CPU
		{de62a3b6-6edf-4c2c-b7c0-42ae785da89a}.Debug|Any CPU.Build.0 = Debug|Any CPU
		{de62a3b6-6edf-4c2c-b7c0-42ae785da89a}.Release|Any CPU.ActiveCfg = Release|Any CPU
		{de62a3b6-6edf-4c2c-b7c0-42ae785da89a}.Release|Any CPU.Build.0 = Release|Any CPU
		{58c2eca5-81ed-4e61-a7e6-8f51c0c9b4d8}.Debug|Any CPU.ActiveCfg = Debug|Any CPU
		{58c2eca5-81ed-4e61-a7e6-8f51c0c9b4d8}.Debug|Any CPU.Build.0 = Debug|Any CPU
		{58c2eca5-81ed-4e61-a7e6-8f51c0c9b4d8}.Release|Any CPU.ActiveCfg = Release|Any CPU
		{58c2eca5-81ed-4e61-a7e6-8f51c0c9b4d8}.Release|Any CPU.Build.0 = Release|Any CPU
	EndGlobalSection
	GlobalSection(SolutionProperties) = preSolution
		HideSolutionNode = FALSE
	EndGlobalSection
	GlobalSection(ExtensibilityGlobals) = postSolution
		SolutionGuid = {1F219808-E6E8-4C1D-B846-41F2F7CF20FA}
	EndGlobalSection
EndGlobal
